
Microsoft Visual Studio Solution File, Format Version 12.00
# Visual Studio Version 17
VisualStudioVersion = 17.10.34916.146
MinimumVisualStudioVersion = 10.0.40219.1
Project("{FAE04EC0-301F-11D3-BF4B-00C04F79EFBC}") = "AmoebaApp", "AmoebaApp.csproj", "{8A67390E-0FB0-4F9F-B0F1-68AB3F063584}"
EndProject
Global
	GlobalSection(SolutionConfigurationPlatforms) = preSolution
		Debug|Any CPU = Debug|Any CPU
		Release|Any CPU = Release|Any CPU
	EndGlobalSection
	GlobalSection(ProjectConfigurationPlatforms) = postSolution
		{8A67390E-0FB0-4F9F-B0F1-68AB3F063584}.Debug|Any CPU.ActiveCfg = Debug|Any CPU
		{8A67390E-0FB0-4F9F-B0F1-68AB3F063584}.Debug|Any CPU.Build.0 = Debug|Any CPU
		{8A67390E-0FB0-4F9F-B0F1-68AB3F063584}.Release|Any CPU.ActiveCfg = Release|Any CPU
		{8A67390E-0FB0-4F9F-B0F1-68AB3F063584}.Release|Any CPU.Build.0 = Release|Any CPU
	EndGlobalSection
	GlobalSection(SolutionProperties) = preSolution
		HideSolutionNode = FALSE
	EndGlobalSection
	GlobalSection(ExtensibilityGlobals) = postSolution
		SolutionGuid = {F17F4F85-29D6-4317-AA17-A5A61697C124}
	EndGlobalSection
EndGlobal
